// !$*UTF8*$!
{
	archiveVersion = 1;
	classes = {
	};
	objectVersion = 50;
	objects = {

/* Begin PBXBuildFile section */
		8E771D1C24B8C884005D98F8 /* ExperienceViewController.swift in Sources */ = {isa = PBXBuildFile; fileRef = 8E771D1B24B8C884005D98F8 /* ExperienceViewController.swift */; };
		8E771D1E24B8C95B005D98F8 /* ContainerViewController.swift in Sources */ = {isa = PBXBuildFile; fileRef = 8E771D1D24B8C95B005D98F8 /* ContainerViewController.swift */; };
		8E771D2024B8C96E005D98F8 /* VideoViewController.swift in Sources */ = {isa = PBXBuildFile; fileRef = 8E771D1F24B8C96E005D98F8 /* VideoViewController.swift */; };
		8E771D2224B8C992005D98F8 /* AudioViewController.swift in Sources */ = {isa = PBXBuildFile; fileRef = 8E771D2124B8C992005D98F8 /* AudioViewController.swift */; };
		8E771D2424B8C999005D98F8 /* ImageViewController.swift in Sources */ = {isa = PBXBuildFile; fileRef = 8E771D2324B8C999005D98F8 /* ImageViewController.swift */; };
		8E771D2624B8CCDB005D98F8 /* Player.swift in Sources */ = {isa = PBXBuildFile; fileRef = 8E771D2524B8CCDB005D98F8 /* Player.swift */; };
		8E771D2824B8CCE1005D98F8 /* Recorder.swift in Sources */ = {isa = PBXBuildFile; fileRef = 8E771D2724B8CCE1005D98F8 /* Recorder.swift */; };
		8E771D2B24B8CE0A005D98F8 /* CameraPreviewView.swift in Sources */ = {isa = PBXBuildFile; fileRef = 8E771D2A24B8CE0A005D98F8 /* CameraPreviewView.swift */; };
		8EAA816824B8BC5D00E4238D /* AppDelegate.swift in Sources */ = {isa = PBXBuildFile; fileRef = 8EAA816724B8BC5D00E4238D /* AppDelegate.swift */; };
		8EAA816A24B8BC5D00E4238D /* SceneDelegate.swift in Sources */ = {isa = PBXBuildFile; fileRef = 8EAA816924B8BC5D00E4238D /* SceneDelegate.swift */; };
		8EAA816C24B8BC5D00E4238D /* MapViewController.swift in Sources */ = {isa = PBXBuildFile; fileRef = 8EAA816B24B8BC5D00E4238D /* MapViewController.swift */; };
		8EAA816F24B8BC5D00E4238D /* Main.storyboard in Resources */ = {isa = PBXBuildFile; fileRef = 8EAA816D24B8BC5D00E4238D /* Main.storyboard */; };
		8EAA817224B8BC5D00E4238D /* Experiences.xcdatamodeld in Sources */ = {isa = PBXBuildFile; fileRef = 8EAA817024B8BC5D00E4238D /* Experiences.xcdatamodeld */; };
		8EAA817424B8BC6000E4238D /* Assets.xcassets in Resources */ = {isa = PBXBuildFile; fileRef = 8EAA817324B8BC6000E4238D /* Assets.xcassets */; };
		8EAA817724B8BC6000E4238D /* LaunchScreen.storyboard in Resources */ = {isa = PBXBuildFile; fileRef = 8EAA817524B8BC6000E4238D /* LaunchScreen.storyboard */; };
		8EAA818224B8BC6000E4238D /* ExperiencesTests.swift in Sources */ = {isa = PBXBuildFile; fileRef = 8EAA818124B8BC6000E4238D /* ExperiencesTests.swift */; };
		8EAA818D24B8BC6000E4238D /* ExperiencesUITests.swift in Sources */ = {isa = PBXBuildFile; fileRef = 8EAA818C24B8BC6000E4238D /* ExperiencesUITests.swift */; };
		8EAA81A024B8BD8800E4238D /* CoreDataStack.swift in Sources */ = {isa = PBXBuildFile; fileRef = 8EAA819F24B8BD8800E4238D /* CoreDataStack.swift */; };
		8EAA81A224B8BD9D00E4238D /* Experience+Convenience.swift in Sources */ = {isa = PBXBuildFile; fileRef = 8EAA81A124B8BD9D00E4238D /* Experience+Convenience.swift */; };
		8EAA81A424B8BDA500E4238D /* Experience.swift in Sources */ = {isa = PBXBuildFile; fileRef = 8EAA81A324B8BDA500E4238D /* Experience.swift */; };
		8EAA81A624B8BDAE00E4238D /* Media.swift in Sources */ = {isa = PBXBuildFile; fileRef = 8EAA81A524B8BDAE00E4238D /* Media.swift */; };
		8EAA81A824B8C3B600E4238D /* ExperienceController.swift in Sources */ = {isa = PBXBuildFile; fileRef = 8EAA81A724B8C3B600E4238D /* ExperienceController.swift */; };
/* End PBXBuildFile section */

/* Begin PBXContainerItemProxy section */
		8EAA817E24B8BC6000E4238D /* PBXContainerItemProxy */ = {
			isa = PBXContainerItemProxy;
			containerPortal = 8EAA815C24B8BC5D00E4238D /* Project object */;
			proxyType = 1;
			remoteGlobalIDString = 8EAA816324B8BC5D00E4238D;
			remoteInfo = Experiences;
		};
		8EAA818924B8BC6000E4238D /* PBXContainerItemProxy */ = {
			isa = PBXContainerItemProxy;
			containerPortal = 8EAA815C24B8BC5D00E4238D /* Project object */;
			proxyType = 1;
			remoteGlobalIDString = 8EAA816324B8BC5D00E4238D;
			remoteInfo = Experiences;
		};
/* End PBXContainerItemProxy section */

/* Begin PBXFileReference section */
		8E771D1B24B8C884005D98F8 /* ExperienceViewController.swift */ = {isa = PBXFileReference; lastKnownFileType = sourcecode.swift; path = ExperienceViewController.swift; sourceTree = "<group>"; };
		8E771D1D24B8C95B005D98F8 /* ContainerViewController.swift */ = {isa = PBXFileReference; lastKnownFileType = sourcecode.swift; path = ContainerViewController.swift; sourceTree = "<group>"; };
		8E771D1F24B8C96E005D98F8 /* VideoViewController.swift */ = {isa = PBXFileReference; lastKnownFileType = sourcecode.swift; path = VideoViewController.swift; sourceTree = "<group>"; };
		8E771D2124B8C992005D98F8 /* AudioViewController.swift */ = {isa = PBXFileReference; lastKnownFileType = sourcecode.swift; path = AudioViewController.swift; sourceTree = "<group>"; };
		8E771D2324B8C999005D98F8 /* ImageViewController.swift */ = {isa = PBXFileReference; lastKnownFileType = sourcecode.swift; path = ImageViewController.swift; sourceTree = "<group>"; };
		8E771D2524B8CCDB005D98F8 /* Player.swift */ = {isa = PBXFileReference; lastKnownFileType = sourcecode.swift; path = Player.swift; sourceTree = "<group>"; };
		8E771D2724B8CCE1005D98F8 /* Recorder.swift */ = {isa = PBXFileReference; lastKnownFileType = sourcecode.swift; path = Recorder.swift; sourceTree = "<group>"; };
		8E771D2A24B8CE0A005D98F8 /* CameraPreviewView.swift */ = {isa = PBXFileReference; lastKnownFileType = sourcecode.swift; path = CameraPreviewView.swift; sourceTree = "<group>"; };
		8EAA816424B8BC5D00E4238D /* Experiences.app */ = {isa = PBXFileReference; explicitFileType = wrapper.application; includeInIndex = 0; path = Experiences.app; sourceTree = BUILT_PRODUCTS_DIR; };
		8EAA816724B8BC5D00E4238D /* AppDelegate.swift */ = {isa = PBXFileReference; lastKnownFileType = sourcecode.swift; path = AppDelegate.swift; sourceTree = "<group>"; };
		8EAA816924B8BC5D00E4238D /* SceneDelegate.swift */ = {isa = PBXFileReference; lastKnownFileType = sourcecode.swift; path = SceneDelegate.swift; sourceTree = "<group>"; };
		8EAA816B24B8BC5D00E4238D /* MapViewController.swift */ = {isa = PBXFileReference; lastKnownFileType = sourcecode.swift; name = MapViewController.swift; path = ../MapViewController.swift; sourceTree = "<group>"; };
		8EAA816E24B8BC5D00E4238D /* Base */ = {isa = PBXFileReference; lastKnownFileType = file.storyboard; name = Base; path = Base.lproj/Main.storyboard; sourceTree = "<group>"; };
		8EAA817124B8BC5D00E4238D /* Experiences.xcdatamodel */ = {isa = PBXFileReference; lastKnownFileType = wrapper.xcdatamodel; path = Experiences.xcdatamodel; sourceTree = "<group>"; };
		8EAA817324B8BC6000E4238D /* Assets.xcassets */ = {isa = PBXFileReference; lastKnownFileType = folder.assetcatalog; path = Assets.xcassets; sourceTree = "<group>"; };
		8EAA817624B8BC6000E4238D /* Base */ = {isa = PBXFileReference; lastKnownFileType = file.storyboard; name = Base; path = Base.lproj/LaunchScreen.storyboard; sourceTree = "<group>"; };
		8EAA817824B8BC6000E4238D /* Info.plist */ = {isa = PBXFileReference; lastKnownFileType = text.plist.xml; path = Info.plist; sourceTree = "<group>"; };
		8EAA817D24B8BC6000E4238D /* ExperiencesTests.xctest */ = {isa = PBXFileReference; explicitFileType = wrapper.cfbundle; includeInIndex = 0; path = ExperiencesTests.xctest; sourceTree = BUILT_PRODUCTS_DIR; };
		8EAA818124B8BC6000E4238D /* ExperiencesTests.swift */ = {isa = PBXFileReference; lastKnownFileType = sourcecode.swift; path = ExperiencesTests.swift; sourceTree = "<group>"; };
		8EAA818324B8BC6000E4238D /* Info.plist */ = {isa = PBXFileReference; lastKnownFileType = text.plist.xml; path = Info.plist; sourceTree = "<group>"; };
		8EAA818824B8BC6000E4238D /* ExperiencesUITests.xctest */ = {isa = PBXFileReference; explicitFileType = wrapper.cfbundle; includeInIndex = 0; path = ExperiencesUITests.xctest; sourceTree = BUILT_PRODUCTS_DIR; };
		8EAA818C24B8BC6000E4238D /* ExperiencesUITests.swift */ = {isa = PBXFileReference; lastKnownFileType = sourcecode.swift; path = ExperiencesUITests.swift; sourceTree = "<group>"; };
		8EAA818E24B8BC6000E4238D /* Info.plist */ = {isa = PBXFileReference; lastKnownFileType = text.plist.xml; path = Info.plist; sourceTree = "<group>"; };
		8EAA819F24B8BD8800E4238D /* CoreDataStack.swift */ = {isa = PBXFileReference; lastKnownFileType = sourcecode.swift; path = CoreDataStack.swift; sourceTree = "<group>"; };
		8EAA81A124B8BD9D00E4238D /* Experience+Convenience.swift */ = {isa = PBXFileReference; lastKnownFileType = sourcecode.swift; path = "Experience+Convenience.swift"; sourceTree = "<group>"; };
		8EAA81A324B8BDA500E4238D /* Experience.swift */ = {isa = PBXFileReference; lastKnownFileType = sourcecode.swift; path = Experience.swift; sourceTree = "<group>"; };
		8EAA81A524B8BDAE00E4238D /* Media.swift */ = {isa = PBXFileReference; lastKnownFileType = sourcecode.swift; path = Media.swift; sourceTree = "<group>"; };
		8EAA81A724B8C3B600E4238D /* ExperienceController.swift */ = {isa = PBXFileReference; lastKnownFileType = sourcecode.swift; path = ExperienceController.swift; sourceTree = "<group>"; };
/* End PBXFileReference section */

/* Begin PBXFrameworksBuildPhase section */
		8EAA816124B8BC5D00E4238D /* Frameworks */ = {
			isa = PBXFrameworksBuildPhase;
			buildActionMask = 2147483647;
			files = (
			);
			runOnlyForDeploymentPostprocessing = 0;
		};
		8EAA817A24B8BC6000E4238D /* Frameworks */ = {
			isa = PBXFrameworksBuildPhase;
			buildActionMask = 2147483647;
			files = (
			);
			runOnlyForDeploymentPostprocessing = 0;
		};
		8EAA818524B8BC6000E4238D /* Frameworks */ = {
			isa = PBXFrameworksBuildPhase;
			buildActionMask = 2147483647;
			files = (
			);
			runOnlyForDeploymentPostprocessing = 0;
		};
/* End PBXFrameworksBuildPhase section */

/* Begin PBXGroup section */
		8E771D2924B8CCE7005D98F8 /* Media Controllers */ = {
			isa = PBXGroup;
			children = (
				8E771D2524B8CCDB005D98F8 /* Player.swift */,
				8E771D2724B8CCE1005D98F8 /* Recorder.swift */,
			);
			path = "Media Controllers";
			sourceTree = "<group>";
		};
		8EAA815B24B8BC5D00E4238D = {
			isa = PBXGroup;
			children = (
				8EAA816624B8BC5D00E4238D /* Experiences */,
				8EAA818024B8BC6000E4238D /* ExperiencesTests */,
				8EAA818B24B8BC6000E4238D /* ExperiencesUITests */,
				8EAA816524B8BC5D00E4238D /* Products */,
			);
			sourceTree = "<group>";
		};
		8EAA816524B8BC5D00E4238D /* Products */ = {
			isa = PBXGroup;
			children = (
				8EAA816424B8BC5D00E4238D /* Experiences.app */,
				8EAA817D24B8BC6000E4238D /* ExperiencesTests.xctest */,
				8EAA818824B8BC6000E4238D /* ExperiencesUITests.xctest */,
			);
			name = Products;
			sourceTree = "<group>";
		};
		8EAA816624B8BC5D00E4238D /* Experiences */ = {
			isa = PBXGroup;
			children = (
				8EAA816724B8BC5D00E4238D /* AppDelegate.swift */,
				8EAA816924B8BC5D00E4238D /* SceneDelegate.swift */,
				8EAA816D24B8BC5D00E4238D /* Main.storyboard */,
				8EAA817324B8BC6000E4238D /* Assets.xcassets */,
				8EAA817524B8BC6000E4238D /* LaunchScreen.storyboard */,
				8EAA817824B8BC6000E4238D /* Info.plist */,
				8EAA819E24B8BD7700E4238D /* CoreData */,
				8EAA819C24B8BD0300E4238D /* Models */,
				8EAA819B24B8BCF900E4238D /* Model Controllers */,
				8E771D2924B8CCE7005D98F8 /* Media Controllers */,
				8EAA819A24B8BCF100E4238D /* Helpers */,
				8EAA819D24B8BD0900E4238D /* View Controllers */,
			);
			path = Experiences;
			sourceTree = "<group>";
		};
		8EAA818024B8BC6000E4238D /* ExperiencesTests */ = {
			isa = PBXGroup;
			children = (
				8EAA818124B8BC6000E4238D /* ExperiencesTests.swift */,
				8EAA818324B8BC6000E4238D /* Info.plist */,
			);
			path = ExperiencesTests;
			sourceTree = "<group>";
		};
		8EAA818B24B8BC6000E4238D /* ExperiencesUITests */ = {
			isa = PBXGroup;
			children = (
				8EAA818C24B8BC6000E4238D /* ExperiencesUITests.swift */,
				8EAA818E24B8BC6000E4238D /* Info.plist */,
			);
			path = ExperiencesUITests;
			sourceTree = "<group>";
		};
		8EAA819A24B8BCF100E4238D /* Helpers */ = {
			isa = PBXGroup;
			children = (
			);
			path = Helpers;
			sourceTree = "<group>";
		};
		8EAA819B24B8BCF900E4238D /* Model Controllers */ = {
			isa = PBXGroup;
			children = (
				8EAA81A724B8C3B600E4238D /* ExperienceController.swift */,
			);
			path = "Model Controllers";
			sourceTree = "<group>";
		};
		8EAA819C24B8BD0300E4238D /* Models */ = {
			isa = PBXGroup;
			children = (
				8EAA81A324B8BDA500E4238D /* Experience.swift */,
				8EAA81A524B8BDAE00E4238D /* Media.swift */,
			);
			path = Models;
			sourceTree = "<group>";
		};
		8EAA819D24B8BD0900E4238D /* View Controllers */ = {
			isa = PBXGroup;
			children = (
				8EAA816B24B8BC5D00E4238D /* MapViewController.swift */,
				8E771D1B24B8C884005D98F8 /* ExperienceViewController.swift */,
				8E771D1D24B8C95B005D98F8 /* ContainerViewController.swift */,
				8E771D1F24B8C96E005D98F8 /* VideoViewController.swift */,
				8E771D2124B8C992005D98F8 /* AudioViewController.swift */,
				8E771D2324B8C999005D98F8 /* ImageViewController.swift */,
				8E771D2A24B8CE0A005D98F8 /* CameraPreviewView.swift */,
			);
			path = "View Controllers";
			sourceTree = "<group>";
		};
		8EAA819E24B8BD7700E4238D /* CoreData */ = {
			isa = PBXGroup;
			children = (
				8EAA817024B8BC5D00E4238D /* Experiences.xcdatamodeld */,
				8EAA819F24B8BD8800E4238D /* CoreDataStack.swift */,
				8EAA81A124B8BD9D00E4238D /* Experience+Convenience.swift */,
			);
			path = CoreData;
			sourceTree = "<group>";
		};
/* End PBXGroup section */

/* Begin PBXNativeTarget section */
		8EAA816324B8BC5D00E4238D /* Experiences */ = {
			isa = PBXNativeTarget;
			buildConfigurationList = 8EAA819124B8BC6000E4238D /* Build configuration list for PBXNativeTarget "Experiences" */;
			buildPhases = (
				8EAA816024B8BC5D00E4238D /* Sources */,
				8EAA816124B8BC5D00E4238D /* Frameworks */,
				8EAA816224B8BC5D00E4238D /* Resources */,
			);
			buildRules = (
			);
			dependencies = (
			);
			name = Experiences;
			productName = Experiences;
			productReference = 8EAA816424B8BC5D00E4238D /* Experiences.app */;
			productType = "com.apple.product-type.application";
		};
		8EAA817C24B8BC6000E4238D /* ExperiencesTests */ = {
			isa = PBXNativeTarget;
			buildConfigurationList = 8EAA819424B8BC6000E4238D /* Build configuration list for PBXNativeTarget "ExperiencesTests" */;
			buildPhases = (
				8EAA817924B8BC6000E4238D /* Sources */,
				8EAA817A24B8BC6000E4238D /* Frameworks */,
				8EAA817B24B8BC6000E4238D /* Resources */,
			);
			buildRules = (
			);
			dependencies = (
				8EAA817F24B8BC6000E4238D /* PBXTargetDependency */,
			);
			name = ExperiencesTests;
			productName = ExperiencesTests;
			productReference = 8EAA817D24B8BC6000E4238D /* ExperiencesTests.xctest */;
			productType = "com.apple.product-type.bundle.unit-test";
		};
		8EAA818724B8BC6000E4238D /* ExperiencesUITests */ = {
			isa = PBXNativeTarget;
			buildConfigurationList = 8EAA819724B8BC6000E4238D /* Build configuration list for PBXNativeTarget "ExperiencesUITests" */;
			buildPhases = (
				8EAA818424B8BC6000E4238D /* Sources */,
				8EAA818524B8BC6000E4238D /* Frameworks */,
				8EAA818624B8BC6000E4238D /* Resources */,
			);
			buildRules = (
			);
			dependencies = (
				8EAA818A24B8BC6000E4238D /* PBXTargetDependency */,
			);
			name = ExperiencesUITests;
			productName = ExperiencesUITests;
			productReference = 8EAA818824B8BC6000E4238D /* ExperiencesUITests.xctest */;
			productType = "com.apple.product-type.bundle.ui-testing";
		};
/* End PBXNativeTarget section */

/* Begin PBXProject section */
		8EAA815C24B8BC5D00E4238D /* Project object */ = {
			isa = PBXProject;
			attributes = {
				LastSwiftUpdateCheck = 1150;
				LastUpgradeCheck = 1150;
				ORGANIZATIONNAME = "Joe Veverka";
				TargetAttributes = {
					8EAA816324B8BC5D00E4238D = {
						CreatedOnToolsVersion = 11.5;
					};
					8EAA817C24B8BC6000E4238D = {
						CreatedOnToolsVersion = 11.5;
						TestTargetID = 8EAA816324B8BC5D00E4238D;
					};
					8EAA818724B8BC6000E4238D = {
						CreatedOnToolsVersion = 11.5;
						TestTargetID = 8EAA816324B8BC5D00E4238D;
					};
				};
			};
			buildConfigurationList = 8EAA815F24B8BC5D00E4238D /* Build configuration list for PBXProject "Experiences" */;
			compatibilityVersion = "Xcode 9.3";
			developmentRegion = en;
			hasScannedForEncodings = 0;
			knownRegions = (
				en,
				Base,
			);
			mainGroup = 8EAA815B24B8BC5D00E4238D;
			productRefGroup = 8EAA816524B8BC5D00E4238D /* Products */;
			projectDirPath = "";
			projectRoot = "";
			targets = (
				8EAA816324B8BC5D00E4238D /* Experiences */,
				8EAA817C24B8BC6000E4238D /* ExperiencesTests */,
				8EAA818724B8BC6000E4238D /* ExperiencesUITests */,
			);
		};
/* End PBXProject section */

/* Begin PBXResourcesBuildPhase section */
		8EAA816224B8BC5D00E4238D /* Resources */ = {
			isa = PBXResourcesBuildPhase;
			buildActionMask = 2147483647;
			files = (
				8EAA817724B8BC6000E4238D /* LaunchScreen.storyboard in Resources */,
				8EAA817424B8BC6000E4238D /* Assets.xcassets in Resources */,
				8EAA816F24B8BC5D00E4238D /* Main.storyboard in Resources */,
			);
			runOnlyForDeploymentPostprocessing = 0;
		};
		8EAA817B24B8BC6000E4238D /* Resources */ = {
			isa = PBXResourcesBuildPhase;
			buildActionMask = 2147483647;
			files = (
			);
			runOnlyForDeploymentPostprocessing = 0;
		};
		8EAA818624B8BC6000E4238D /* Resources */ = {
			isa = PBXResourcesBuildPhase;
			buildActionMask = 2147483647;
			files = (
			);
			runOnlyForDeploymentPostprocessing = 0;
		};
/* End PBXResourcesBuildPhase section */

/* Begin PBXSourcesBuildPhase section */
		8EAA816024B8BC5D00E4238D /* Sources */ = {
			isa = PBXSourcesBuildPhase;
			buildActionMask = 2147483647;
			files = (
				8EAA81A024B8BD8800E4238D /* CoreDataStack.swift in Sources */,
				8EAA816C24B8BC5D00E4238D /* MapViewController.swift in Sources */,
				8E771D2024B8C96E005D98F8 /* VideoViewController.swift in Sources */,
				8E771D1C24B8C884005D98F8 /* ExperienceViewController.swift in Sources */,
				8E771D1E24B8C95B005D98F8 /* ContainerViewController.swift in Sources */,
				8EAA816824B8BC5D00E4238D /* AppDelegate.swift in Sources */,
				8EAA81A824B8C3B600E4238D /* ExperienceController.swift in Sources */,
				8E771D2B24B8CE0A005D98F8 /* CameraPreviewView.swift in Sources */,
				8EAA81A424B8BDA500E4238D /* Experience.swift in Sources */,
				8EAA816A24B8BC5D00E4238D /* SceneDelegate.swift in Sources */,
				8EAA817224B8BC5D00E4238D /* Experiences.xcdatamodeld in Sources */,
				8E771D2424B8C999005D98F8 /* ImageViewController.swift in Sources */,
				8EAA81A624B8BDAE00E4238D /* Media.swift in Sources */,
				8EAA81A224B8BD9D00E4238D /* Experience+Convenience.swift in Sources */,
				8E771D2624B8CCDB005D98F8 /* Player.swift in Sources */,
				8E771D2224B8C992005D98F8 /* AudioViewController.swift in Sources */,
				8E771D2824B8CCE1005D98F8 /* Recorder.swift in Sources */,
			);
			runOnlyForDeploymentPostprocessing = 0;
		};
		8EAA817924B8BC6000E4238D /* Sources */ = {
			isa = PBXSourcesBuildPhase;
			buildActionMask = 2147483647;
			files = (
				8EAA818224B8BC6000E4238D /* ExperiencesTests.swift in Sources */,
			);
			runOnlyForDeploymentPostprocessing = 0;
		};
		8EAA818424B8BC6000E4238D /* Sources */ = {
			isa = PBXSourcesBuildPhase;
			buildActionMask = 2147483647;
			files = (
				8EAA818D24B8BC6000E4238D /* ExperiencesUITests.swift in Sources */,
			);
			runOnlyForDeploymentPostprocessing = 0;
		};
/* End PBXSourcesBuildPhase section */

/* Begin PBXTargetDependency section */
		8EAA817F24B8BC6000E4238D /* PBXTargetDependency */ = {
			isa = PBXTargetDependency;
			target = 8EAA816324B8BC5D00E4238D /* Experiences */;
			targetProxy = 8EAA817E24B8BC6000E4238D /* PBXContainerItemProxy */;
		};
		8EAA818A24B8BC6000E4238D /* PBXTargetDependency */ = {
			isa = PBXTargetDependency;
			target = 8EAA816324B8BC5D00E4238D /* Experiences */;
			targetProxy = 8EAA818924B8BC6000E4238D /* PBXContainerItemProxy */;
		};
/* End PBXTargetDependency section */

/* Begin PBXVariantGroup section */
		8EAA816D24B8BC5D00E4238D /* Main.storyboard */ = {
			isa = PBXVariantGroup;
			children = (
				8EAA816E24B8BC5D00E4238D /* Base */,
			);
			name = Main.storyboard;
			sourceTree = "<group>";
		};
		8EAA817524B8BC6000E4238D /* LaunchScreen.storyboard */ = {
			isa = PBXVariantGroup;
			children = (
				8EAA817624B8BC6000E4238D /* Base */,
			);
			name = LaunchScreen.storyboard;
			sourceTree = "<group>";
		};
/* End PBXVariantGroup section */

/* Begin XCBuildConfiguration section */
		8EAA818F24B8BC6000E4238D /* Debug */ = {
			isa = XCBuildConfiguration;
			buildSettings = {
				ALWAYS_SEARCH_USER_PATHS = NO;
				CLANG_ANALYZER_NONNULL = YES;
				CLANG_ANALYZER_NUMBER_OBJECT_CONVERSION = YES_AGGRESSIVE;
				CLANG_CXX_LANGUAGE_STANDARD = "gnu++14";
				CLANG_CXX_LIBRARY = "libc++";
				CLANG_ENABLE_MODULES = YES;
				CLANG_ENABLE_OBJC_ARC = YES;
				CLANG_ENABLE_OBJC_WEAK = YES;
				CLANG_WARN_BLOCK_CAPTURE_AUTORELEASING = YES;
				CLANG_WARN_BOOL_CONVERSION = YES;
				CLANG_WARN_COMMA = YES;
				CLANG_WARN_CONSTANT_CONVERSION = YES;
				CLANG_WARN_DEPRECATED_OBJC_IMPLEMENTATIONS = YES;
				CLANG_WARN_DIRECT_OBJC_ISA_USAGE = YES_ERROR;
				CLANG_WARN_DOCUMENTATION_COMMENTS = YES;
				CLANG_WARN_EMPTY_BODY = YES;
				CLANG_WARN_ENUM_CONVERSION = YES;
				CLANG_WARN_INFINITE_RECURSION = YES;
				CLANG_WARN_INT_CONVERSION = YES;
				CLANG_WARN_NON_LITERAL_NULL_CONVERSION = YES;
				CLANG_WARN_OBJC_IMPLICIT_RETAIN_SELF = YES;
				CLANG_WARN_OBJC_LITERAL_CONVERSION = YES;
				CLANG_WARN_OBJC_ROOT_CLASS = YES_ERROR;
				CLANG_WARN_RANGE_LOOP_ANALYSIS = YES;
				CLANG_WARN_STRICT_PROTOTYPES = YES;
				CLANG_WARN_SUSPICIOUS_MOVE = YES;
				CLANG_WARN_UNGUARDED_AVAILABILITY = YES_AGGRESSIVE;
				CLANG_WARN_UNREACHABLE_CODE = YES;
				CLANG_WARN__DUPLICATE_METHOD_MATCH = YES;
				COPY_PHASE_STRIP = NO;
				DEBUG_INFORMATION_FORMAT = dwarf;
				ENABLE_STRICT_OBJC_MSGSEND = YES;
				ENABLE_TESTABILITY = YES;
				GCC_C_LANGUAGE_STANDARD = gnu11;
				GCC_DYNAMIC_NO_PIC = NO;
				GCC_NO_COMMON_BLOCKS = YES;
				GCC_OPTIMIZATION_LEVEL = 0;
				GCC_PREPROCESSOR_DEFINITIONS = (
					"DEBUG=1",
					"$(inherited)",
				);
				GCC_WARN_64_TO_32_BIT_CONVERSION = YES;
				GCC_WARN_ABOUT_RETURN_TYPE = YES_ERROR;
				GCC_WARN_UNDECLARED_SELECTOR = YES;
				GCC_WARN_UNINITIALIZED_AUTOS = YES_AGGRESSIVE;
				GCC_WARN_UNUSED_FUNCTION = YES;
				GCC_WARN_UNUSED_VARIABLE = YES;
				IPHONEOS_DEPLOYMENT_TARGET = 13.5;
				MTL_ENABLE_DEBUG_INFO = INCLUDE_SOURCE;
				MTL_FAST_MATH = YES;
				ONLY_ACTIVE_ARCH = YES;
				SDKROOT = iphoneos;
				SWIFT_ACTIVE_COMPILATION_CONDITIONS = DEBUG;
				SWIFT_OPTIMIZATION_LEVEL = "-Onone";
			};
			name = Debug;
		};
		8EAA819024B8BC6000E4238D /* Release */ = {
			isa = XCBuildConfiguration;
			buildSettings = {
				ALWAYS_SEARCH_USER_PATHS = NO;
				CLANG_ANALYZER_NONNULL = YES;
				CLANG_ANALYZER_NUMBER_OBJECT_CONVERSION = YES_AGGRESSIVE;
				CLANG_CXX_LANGUAGE_STANDARD = "gnu++14";
				CLANG_CXX_LIBRARY = "libc++";
				CLANG_ENABLE_MODULES = YES;
				CLANG_ENABLE_OBJC_ARC = YES;
				CLANG_ENABLE_OBJC_WEAK = YES;
				CLANG_WARN_BLOCK_CAPTURE_AUTORELEASING = YES;
				CLANG_WARN_BOOL_CONVERSION = YES;
				CLANG_WARN_COMMA = YES;
				CLANG_WARN_CONSTANT_CONVERSION = YES;
				CLANG_WARN_DEPRECATED_OBJC_IMPLEMENTATIONS = YES;
				CLANG_WARN_DIRECT_OBJC_ISA_USAGE = YES_ERROR;
				CLANG_WARN_DOCUMENTATION_COMMENTS = YES;
				CLANG_WARN_EMPTY_BODY = YES;
				CLANG_WARN_ENUM_CONVERSION = YES;
				CLANG_WARN_INFINITE_RECURSION = YES;
				CLANG_WARN_INT_CONVERSION = YES;
				CLANG_WARN_NON_LITERAL_NULL_CONVERSION = YES;
				CLANG_WARN_OBJC_IMPLICIT_RETAIN_SELF = YES;
				CLANG_WARN_OBJC_LITERAL_CONVERSION = YES;
				CLANG_WARN_OBJC_ROOT_CLASS = YES_ERROR;
				CLANG_WARN_RANGE_LOOP_ANALYSIS = YES;
				CLANG_WARN_STRICT_PROTOTYPES = YES;
				CLANG_WARN_SUSPICIOUS_MOVE = YES;
				CLANG_WARN_UNGUARDED_AVAILABILITY = YES_AGGRESSIVE;
				CLANG_WARN_UNREACHABLE_CODE = YES;
				CLANG_WARN__DUPLICATE_METHOD_MATCH = YES;
				COPY_PHASE_STRIP = NO;
				DEBUG_INFORMATION_FORMAT = "dwarf-with-dsym";
				ENABLE_NS_ASSERTIONS = NO;
				ENABLE_STRICT_OBJC_MSGSEND = YES;
				GCC_C_LANGUAGE_STANDARD = gnu11;
				GCC_NO_COMMON_BLOCKS = YES;
				GCC_WARN_64_TO_32_BIT_CONVERSION = YES;
				GCC_WARN_ABOUT_RETURN_TYPE = YES_ERROR;
				GCC_WARN_UNDECLARED_SELECTOR = YES;
				GCC_WARN_UNINITIALIZED_AUTOS = YES_AGGRESSIVE;
				GCC_WARN_UNUSED_FUNCTION = YES;
				GCC_WARN_UNUSED_VARIABLE = YES;
				IPHONEOS_DEPLOYMENT_TARGET = 13.5;
				MTL_ENABLE_DEBUG_INFO = NO;
				MTL_FAST_MATH = YES;
				SDKROOT = iphoneos;
				SWIFT_COMPILATION_MODE = wholemodule;
				SWIFT_OPTIMIZATION_LEVEL = "-O";
				VALIDATE_PRODUCT = YES;
			};
			name = Release;
		};
		8EAA819224B8BC6000E4238D /* Debug */ = {
			isa = XCBuildConfiguration;
			buildSettings = {
				ASSETCATALOG_COMPILER_APPICON_NAME = AppIcon;
				CODE_SIGN_STYLE = Automatic;
				DEVELOPMENT_TEAM = ZLCFP6QUVG;
				INFOPLIST_FILE = Experiences/Info.plist;
				LD_RUNPATH_SEARCH_PATHS = (
					"$(inherited)",
					"@executable_path/Frameworks",
				);
				PRODUCT_BUNDLE_IDENTIFIER = com.JoeVeerka.Experiences;
				PRODUCT_NAME = "$(TARGET_NAME)";
				SWIFT_VERSION = 5.0;
				TARGETED_DEVICE_FAMILY = "1,2";
			};
			name = Debug;
		};
		8EAA819324B8BC6000E4238D /* Release */ = {
			isa = XCBuildConfiguration;
			buildSettings = {
				ASSETCATALOG_COMPILER_APPICON_NAME = AppIcon;
				CODE_SIGN_STYLE = Automatic;
				DEVELOPMENT_TEAM = ZLCFP6QUVG;
				INFOPLIST_FILE = Experiences/Info.plist;
				LD_RUNPATH_SEARCH_PATHS = (
					"$(inherited)",
					"@executable_path/Frameworks",
				);
				PRODUCT_BUNDLE_IDENTIFIER = com.JoeVeerka.Experiences;
				PRODUCT_NAME = "$(TARGET_NAME)";
				SWIFT_VERSION = 5.0;
				TARGETED_DEVICE_FAMILY = "1,2";
			};
			name = Release;
		};
		8EAA819524B8BC6000E4238D /* Debug */ = {
			isa = XCBuildConfiguration;
			buildSettings = {
				ALWAYS_EMBED_SWIFT_STANDARD_LIBRARIES = YES;
				BUNDLE_LOADER = "$(TEST_HOST)";
				CODE_SIGN_STYLE = Automatic;
				DEVELOPMENT_TEAM = ZLCFP6QUVG;
				INFOPLIST_FILE = ExperiencesTests/Info.plist;
				IPHONEOS_DEPLOYMENT_TARGET = 13.5;
				LD_RUNPATH_SEARCH_PATHS = (
					"$(inherited)",
					"@executable_path/Frameworks",
					"@loader_path/Frameworks",
				);
				PRODUCT_BUNDLE_IDENTIFIER = com.JoeVeerka.ExperiencesTests;
				PRODUCT_NAME = "$(TARGET_NAME)";
				SWIFT_VERSION = 5.0;
				TARGETED_DEVICE_FAMILY = "1,2";
				TEST_HOST = "$(BUILT_PRODUCTS_DIR)/Experiences.app/Experiences";
			};
			name = Debug;
		};
		8EAA819624B8BC6000E4238D /* Release */ = {
			isa = XCBuildConfiguration;
			buildSettings = {
				ALWAYS_EMBED_SWIFT_STANDARD_LIBRARIES = YES;
				BUNDLE_LOADER = "$(TEST_HOST)";
				CODE_SIGN_STYLE = Automatic;
				DEVELOPMENT_TEAM = ZLCFP6QUVG;
				INFOPLIST_FILE = ExperiencesTests/Info.plist;
				IPHONEOS_DEPLOYMENT_TARGET = 13.5;
				LD_RUNPATH_SEARCH_PATHS = (
					"$(inherited)",
					"@executable_path/Frameworks",
					"@loader_path/Frameworks",
				);
				PRODUCT_BUNDLE_IDENTIFIER = com.JoeVeerka.ExperiencesTests;
				PRODUCT_NAME = "$(TARGET_NAME)";
				SWIFT_VERSION = 5.0;
				TARGETED_DEVICE_FAMILY = "1,2";
				TEST_HOST = "$(BUILT_PRODUCTS_DIR)/Experiences.app/Experiences";
			};
			name = Release;
		};
		8EAA819824B8BC6000E4238D /* Debug */ = {
			isa = XCBuildConfiguration;
			buildSettings = {
				ALWAYS_EMBED_SWIFT_STANDARD_LIBRARIES = YES;
				CODE_SIGN_STYLE = Automatic;
				DEVELOPMENT_TEAM = ZLCFP6QUVG;
				INFOPLIST_FILE = ExperiencesUITests/Info.plist;
				LD_RUNPATH_SEARCH_PATHS = (
					"$(inherited)",
					"@executable_path/Frameworks",
					"@loader_path/Frameworks",
				);
				PRODUCT_BUNDLE_IDENTIFIER = com.JoeVeerka.ExperiencesUITests;
				PRODUCT_NAME = "$(TARGET_NAME)";
				SWIFT_VERSION = 5.0;
				TARGETED_DEVICE_FAMILY = "1,2";
				TEST_TARGET_NAME = Experiences;
			};
			name = Debug;
		};
		8EAA819924B8BC6000E4238D /* Release */ = {
			isa = XCBuildConfiguration;
			buildSettings = {
				ALWAYS_EMBED_SWIFT_STANDARD_LIBRARIES = YES;
				CODE_SIGN_STYLE = Automatic;
				DEVELOPMENT_TEAM = ZLCFP6QUVG;
				INFOPLIST_FILE = ExperiencesUITests/Info.plist;
				LD_RUNPATH_SEARCH_PATHS = (
					"$(inherited)",
					"@executable_path/Frameworks",
					"@loader_path/Frameworks",
				);
				PRODUCT_BUNDLE_IDENTIFIER = com.JoeVeerka.ExperiencesUITests;
				PRODUCT_NAME = "$(TARGET_NAME)";
				SWIFT_VERSION = 5.0;
				TARGETED_DEVICE_FAMILY = "1,2";
				TEST_TARGET_NAME = Experiences;
			};
			name = Release;
		};
/* End XCBuildConfiguration section */

/* Begin XCConfigurationList section */
		8EAA815F24B8BC5D00E4238D /* Build configuration list for PBXProject "Experiences" */ = {
			isa = XCConfigurationList;
			buildConfigurations = (
				8EAA818F24B8BC6000E4238D /* Debug */,
				8EAA819024B8BC6000E4238D /* Release */,
			);
			defaultConfigurationIsVisible = 0;
			defaultConfigurationName = Release;
		};
		8EAA819124B8BC6000E4238D /* Build configuration list for PBXNativeTarget "Experiences" */ = {
			isa = XCConfigurationList;
			buildConfigurations = (
				8EAA819224B8BC6000E4238D /* Debug */,
				8EAA819324B8BC6000E4238D /* Release */,
			);
			defaultConfigurationIsVisible = 0;
			defaultConfigurationName = Release;
		};
		8EAA819424B8BC6000E4238D /* Build configuration list for PBXNativeTarget "ExperiencesTests" */ = {
			isa = XCConfigurationList;
			buildConfigurations = (
				8EAA819524B8BC6000E4238D /* Debug */,
				8EAA819624B8BC6000E4238D /* Release */,
			);
			defaultConfigurationIsVisible = 0;
			defaultConfigurationName = Release;
		};
		8EAA819724B8BC6000E4238D /* Build configuration list for PBXNativeTarget "ExperiencesUITests" */ = {
			isa = XCConfigurationList;
			buildConfigurations = (
				8EAA819824B8BC6000E4238D /* Debug */,
				8EAA819924B8BC6000E4238D /* Release */,
			);
			defaultConfigurationIsVisible = 0;
			defaultConfigurationName = Release;
		};
/* End XCConfigurationList section */

/* Begin XCVersionGroup section */
		8EAA817024B8BC5D00E4238D /* Experiences.xcdatamodeld */ = {
			isa = XCVersionGroup;
			children = (
				8EAA817124B8BC5D00E4238D /* Experiences.xcdatamodel */,
			);
			currentVersion = 8EAA817124B8BC5D00E4238D /* Experiences.xcdatamodel */;
			path = Experiences.xcdatamodeld;
			sourceTree = "<group>";
			versionGroupType = wrapper.xcdatamodel;
		};
/* End XCVersionGroup section */
	};
	rootObject = 8EAA815C24B8BC5D00E4238D /* Project object */;
}
